
Microsoft Visual Studio Solution File, Format Version 12.00
# Visual Studio Version 17
VisualStudioVersion = 17.8.34004.107
MinimumVisualStudioVersion = 10.0.40219.1
Project("{FAE04EC0-301F-11D3-BF4B-00C04F79EFBC}") = "iBookShop", "iBookShop.csproj", "{64C7D26E-B7F7-4EE3-B5F6-7C8E45624EE6}"
EndProject
Global
	GlobalSection(SolutionConfigurationPlatforms) = preSolution
		Debug|Any CPU = Debug|Any CPU
		Release|Any CPU = Release|Any CPU
	EndGlobalSection
	GlobalSection(ProjectConfigurationPlatforms) = postSolution
		{64C7D26E-B7F7-4EE3-B5F6-7C8E45624EE6}.Debug|Any CPU.ActiveCfg = Debug|Any CPU
		{64C7D26E-B7F7-4EE3-B5F6-7C8E45624EE6}.Debug|Any CPU.Build.0 = Debug|Any CPU
		{64C7D26E-B7F7-4EE3-B5F6-7C8E45624EE6}.Release|Any CPU.ActiveCfg = Release|Any CPU
		{64C7D26E-B7F7-4EE3-B5F6-7C8E45624EE6}.Release|Any CPU.Build.0 = Release|Any CPU
	EndGlobalSection
	GlobalSection(SolutionProperties) = preSolution
		HideSolutionNode = FALSE
	EndGlobalSection
	GlobalSection(ExtensibilityGlobals) = postSolution
		SolutionGuid = {DA35D12A-E2D9-4FC8-AA33-C905318E9070}
	EndGlobalSection
EndGlobal
